<?xml version="1.0" encoding="utf-8"?>
<Project ToolsVersion="4.0" xmlns="http://schemas.microsoft.com/developer/msbuild/2003">
  <ItemGroup>
    <Filter Include="Source Files">
      <UniqueIdentifier>{4FC737F1-C7A5-4376-A066-2A32D752A2FF}</UniqueIdentifier>
      <Extensions>cpp;c;cc;cxx;c++;cppm;ixx;def;odl;idl;hpj;bat;asm;asmx</Extensions>
    </Filter>
    <Filter Include="Header Files">
      <UniqueIdentifier>{93995380-89BD-4b04-88EB-625FBE52EBFB}</UniqueIdentifier>
      <Extensions>h;hh;hpp;hxx;h++;hm;inl;inc;ipp;xsd</Extensions>
    </Filter>
    <Filter Include="Resource Files">
      <UniqueIdentifier>{67DA6AB6-F800-4c08-8B7A-83BB121AAD01}</UniqueIdentifier>
      <Extensions>rc;ico;cur;bmp;dlg;rc2;rct;bin;rgs;gif;jpg;jpeg;jpe;resx;tiff;tif;png;wav;mfcribbon-ms</Extensions>
    </Filter>
  </ItemGroup>
  <ItemGroup>
    <ClCompile Include="ajhC++.cpp">
      <Filter>Source Files</Filter>
    </ClCompile>
  </ItemGroup>
  <ItemGroup>
    <ClInclude Include="22.10.13%28C++입출력%29.h">
      <Filter>Header Files</Filter>
    </ClInclude>
    <ClInclude Include="22.10.14(생성자와소멸자).h">
      <Filter>Header Files</Filter>
    </ClInclude>
    <ClInclude Include="22.10.18(이름 공간).h">
      <Filter>Header Files</Filter>
    </ClInclude>
    <ClInclude Include="22.10.19(참조자).h">
      <Filter>Header Files</Filter>
    </ClInclude>
    <ClInclude Include="22.10.20(얕은복사와 깊은복사).h">
      <Filter>Header Files</Filter>
    </ClInclude>
    <ClInclude Include="22.10.21(가상 함수).h">
      <Filter>Header Files</Filter>
    </ClInclude>
    <ClInclude Include="22.10.24%28추상 클래스%29.h">
      <Filter>Header Files</Filter>
    </ClInclude>
    <ClInclude Include="22.10.26%28가상 상속%29.h">
      <Filter>Header Files</Filter>
    </ClInclude>
    <ClInclude Include="22.10.27(스마트 포인터).h">
      <Filter>Header Files</Filter>
    </ClInclude>
    <ClInclude Include="22.10.28%28템플릿%29.h">
      <Filter>Header Files</Filter>
    </ClInclude>
    <ClInclude Include="22.11.01(업캐스팅과 다운캐스팅).h">
      <Filter>Header Files</Filter>
    </ClInclude>
    <ClInclude Include="22.11.02(멤버 이니셜라이저).h">
      <Filter>Header Files</Filter>
    </ClInclude>
    <ClInclude Include="22.11.03(리스트).h">
      <Filter>Header Files</Filter>
    </ClInclude>
    <ClInclude Include="22.11.04(스택과 큐).h">
      <Filter>Header Files</Filter>
    </ClInclude>
  </ItemGroup>
</Project>